
Microsoft Visual Studio Solution File, Format Version 12.00
# Visual Studio Version 17
VisualStudioVersion = 17.4.33213.308
MinimumVisualStudioVersion = 10.0.40219.1
Project("{FAE04EC0-301F-11D3-BF4B-00C04F79EFBC}") = "testDocker", "testDocker\testDocker.csproj", "{72C858FF-4C64-472D-AC8D-963E730F2CE9}"
EndProject
Global
	GlobalSection(SolutionConfigurationPlatforms) = preSolution
		Debug|Any CPU = Debug|Any CPU
		Release|Any CPU = Release|Any CPU
	EndGlobalSection
	GlobalSection(ProjectConfigurationPlatforms) = postSolution
		{72C858FF-4C64-472D-AC8D-963E730F2CE9}.Debug|Any CPU.ActiveCfg = Debug|Any CPU
		{72C858FF-4C64-472D-AC8D-963E730F2CE9}.Debug|Any CPU.Build.0 = Debug|Any CPU
		{72C858FF-4C64-472D-AC8D-963E730F2CE9}.Release|Any CPU.ActiveCfg = Release|Any CPU
		{72C858FF-4C64-472D-AC8D-963E730F2CE9}.Release|Any CPU.Build.0 = Release|Any CPU
	EndGlobalSection
	GlobalSection(SolutionProperties) = preSolution
		HideSolutionNode = FALSE
	EndGlobalSection
	GlobalSection(ExtensibilityGlobals) = postSolution
		SolutionGuid = {A70DEB80-1640-4309-AA5F-A9CE4415DD77}
	EndGlobalSection
EndGlobal
